
Microsoft Visual Studio Solution File, Format Version 12.00
# Visual Studio Version 17
VisualStudioVersion = 17.2.32526.322
MinimumVisualStudioVersion = 10.0.40219.1
Project("{9A19103F-16F7-4668-BE54-9A1E7A4F7556}") = "KudoGame", "KudoGame\KudoGame.csproj", "{0CF7450A-760B-4605-88E3-CF19ADA9275B}"
EndProject
Project("{9A19103F-16F7-4668-BE54-9A1E7A4F7556}") = "KudoEngine", "KudoEngine\KudoEngine.csproj", "{9CDD533F-1983-4C84-87EC-7825D3DBCD79}"
EndProject
Global
	GlobalSection(SolutionConfigurationPlatforms) = preSolution
		Debug|Any CPU = Debug|Any CPU
		Release|Any CPU = Release|Any CPU
	EndGlobalSection
	GlobalSection(ProjectConfigurationPlatforms) = postSolution
		{0CF7450A-760B-4605-88E3-CF19ADA9275B}.Debug|Any CPU.ActiveCfg = Debug|Any CPU
		{0CF7450A-760B-4605-88E3-CF19ADA9275B}.Debug|Any CPU.Build.0 = Debug|Any CPU
		{0CF7450A-760B-4605-88E3-CF19ADA9275B}.Release|Any CPU.ActiveCfg = Release|Any CPU
		{0CF7450A-760B-4605-88E3-CF19ADA9275B}.Release|Any CPU.Build.0 = Release|Any CPU
		{9CDD533F-1983-4C84-87EC-7825D3DBCD79}.Debug|Any CPU.ActiveCfg = Debug|Any CPU
		{9CDD533F-1983-4C84-87EC-7825D3DBCD79}.Debug|Any CPU.Build.0 = Debug|Any CPU
		{9CDD533F-1983-4C84-87EC-7825D3DBCD79}.Release|Any CPU.ActiveCfg = Release|Any CPU
		{9CDD533F-1983-4C84-87EC-7825D3DBCD79}.Release|Any CPU.Build.0 = Release|Any CPU
	EndGlobalSection
	GlobalSection(SolutionProperties) = preSolution
		HideSolutionNode = FALSE
	EndGlobalSection
	GlobalSection(ExtensibilityGlobals) = postSolution
		SolutionGuid = {3B183383-A13E-4611-B7ED-DB1F5D7EDDF0}
	EndGlobalSection
EndGlobal
